
Microsoft Visual Studio Solution File, Format Version 12.00
# Visual Studio Version 17
VisualStudioVersion = 17.9.34616.47
MinimumVisualStudioVersion = 10.0.40219.1
Project("{FAE04EC0-301F-11D3-BF4B-00C04F79EFBC}") = "modul8_1302220072", "modul8_1302220072\modul8_1302220072.csproj", "{71370D03-F567-4447-B598-0559502B175C}"
EndProject
Global
	GlobalSection(SolutionConfigurationPlatforms) = preSolution
		Debug|Any CPU = Debug|Any CPU
		Release|Any CPU = Release|Any CPU
	EndGlobalSection
	GlobalSection(ProjectConfigurationPlatforms) = postSolution
		{71370D03-F567-4447-B598-0559502B175C}.Debug|Any CPU.ActiveCfg = Debug|Any CPU
		{71370D03-F567-4447-B598-0559502B175C}.Debug|Any CPU.Build.0 = Debug|Any CPU
		{71370D03-F567-4447-B598-0559502B175C}.Release|Any CPU.ActiveCfg = Release|Any CPU
		{71370D03-F567-4447-B598-0559502B175C}.Release|Any CPU.Build.0 = Release|Any CPU
	EndGlobalSection
	GlobalSection(SolutionProperties) = preSolution
		HideSolutionNode = FALSE
	EndGlobalSection
	GlobalSection(ExtensibilityGlobals) = postSolution
		SolutionGuid = {04717B63-4062-4DE2-BCC8-D06880E9D5C7}
	EndGlobalSection
EndGlobal
